// !$*UTF8*$!
{
	archiveVersion = 1;
	classes = {
	};
	objectVersion = 60;
	objects = {

/* Begin PBXBuildFile section */
		EB45570D2C5F4E9500C00FBA /* WidgetCustomControlSampleProjectApp.swift in Sources */ = {isa = PBXBuildFile; fileRef = EB45570C2C5F4E9500C00FBA /* WidgetCustomControlSampleProjectApp.swift */; };
		EB45570F2C5F4E9500C00FBA /* ContentView.swift in Sources */ = {isa = PBXBuildFile; fileRef = EB45570E2C5F4E9500C00FBA /* ContentView.swift */; };
		EB4557112C5F4E9600C00FBA /* Assets.xcassets in Resources */ = {isa = PBXBuildFile; fileRef = EB4557102C5F4E9600C00FBA /* Assets.xcassets */; };
		EB4557152C5F4E9600C00FBA /* Preview Assets.xcassets in Resources */ = {isa = PBXBuildFile; fileRef = EB4557142C5F4E9600C00FBA /* Preview Assets.xcassets */; };
		EB4557222C5F501100C00FBA /* WidgetKit.framework in Frameworks */ = {isa = PBXBuildFile; fileRef = EB4557212C5F501100C00FBA /* WidgetKit.framework */; };
		EB4557242C5F501100C00FBA /* SwiftUI.framework in Frameworks */ = {isa = PBXBuildFile; fileRef = EB4557232C5F501100C00FBA /* SwiftUI.framework */; };
		EB4557272C5F501100C00FBA /* CustomControlBundle.swift in Sources */ = {isa = PBXBuildFile; fileRef = EB4557262C5F501100C00FBA /* CustomControlBundle.swift */; };
		EB4557292C5F501100C00FBA /* CustomControlControl.swift in Sources */ = {isa = PBXBuildFile; fileRef = EB4557282C5F501100C00FBA /* CustomControlControl.swift */; };
		EB45572B2C5F501100C00FBA /* CustomControl.swift in Sources */ = {isa = PBXBuildFile; fileRef = EB45572A2C5F501100C00FBA /* CustomControl.swift */; };
		EB45572D2C5F501200C00FBA /* Assets.xcassets in Resources */ = {isa = PBXBuildFile; fileRef = EB45572C2C5F501200C00FBA /* Assets.xcassets */; };
		EB4557312C5F501200C00FBA /* CustomControlExtension.appex in Embed Foundation Extensions */ = {isa = PBXBuildFile; fileRef = EB45571F2C5F501100C00FBA /* CustomControlExtension.appex */; settings = {ATTRIBUTES = (RemoveHeadersOnCopy, ); }; };
/* End PBXBuildFile section */

/* Begin PBXContainerItemProxy section */
		EB45572F2C5F501200C00FBA /* PBXContainerItemProxy */ = {
			isa = PBXContainerItemProxy;
			containerPortal = EB4557012C5F4E9500C00FBA /* Project object */;
			proxyType = 1;
			remoteGlobalIDString = EB45571E2C5F501100C00FBA;
			remoteInfo = CustomControlExtension;
		};
/* End PBXContainerItemProxy section */

/* Begin PBXCopyFilesBuildPhase section */
		EB4557352C5F501200C00FBA /* Embed Foundation Extensions */ = {
			isa = PBXCopyFilesBuildPhase;
			buildActionMask = 2147483647;
			dstPath = "";
			dstSubfolderSpec = 13;
			files = (
				EB4557312C5F501200C00FBA /* CustomControlExtension.appex in Embed Foundation Extensions */,
			);
			name = "Embed Foundation Extensions";
			runOnlyForDeploymentPostprocessing = 0;
		};
/* End PBXCopyFilesBuildPhase section */

/* Begin PBXFileReference section */
		EB4557092C5F4E9500C00FBA /* WidgetCustomControlSampleProject.app */ = {isa = PBXFileReference; explicitFileType = wrapper.application; includeInIndex = 0; path = WidgetCustomControlSampleProject.app; sourceTree = BUILT_PRODUCTS_DIR; };
		EB45570C2C5F4E9500C00FBA /* WidgetCustomControlSampleProjectApp.swift */ = {isa = PBXFileReference; lastKnownFileType = sourcecode.swift; path = WidgetCustomControlSampleProjectApp.swift; sourceTree = "<group>"; };
		EB45570E2C5F4E9500C00FBA /* ContentView.swift */ = {isa = PBXFileReference; lastKnownFileType = sourcecode.swift; path = ContentView.swift; sourceTree = "<group>"; };
		EB4557102C5F4E9600C00FBA /* Assets.xcassets */ = {isa = PBXFileReference; lastKnownFileType = folder.assetcatalog; path = Assets.xcassets; sourceTree = "<group>"; };
		EB4557122C5F4E9600C00FBA /* WidgetCustomControlSampleProject.entitlements */ = {isa = PBXFileReference; lastKnownFileType = text.plist.entitlements; path = WidgetCustomControlSampleProject.entitlements; sourceTree = "<group>"; };
		EB4557142C5F4E9600C00FBA /* Preview Assets.xcassets */ = {isa = PBXFileReference; lastKnownFileType = folder.assetcatalog; path = "Preview Assets.xcassets"; sourceTree = "<group>"; };
		EB45571F2C5F501100C00FBA /* CustomControlExtension.appex */ = {isa = PBXFileReference; explicitFileType = "wrapper.app-extension"; includeInIndex = 0; path = CustomControlExtension.appex; sourceTree = BUILT_PRODUCTS_DIR; };
		EB4557212C5F501100C00FBA /* WidgetKit.framework */ = {isa = PBXFileReference; lastKnownFileType = wrapper.framework; name = WidgetKit.framework; path = System/Library/Frameworks/WidgetKit.framework; sourceTree = SDKROOT; };
		EB4557232C5F501100C00FBA /* SwiftUI.framework */ = {isa = PBXFileReference; lastKnownFileType = wrapper.framework; name = SwiftUI.framework; path = System/Library/Frameworks/SwiftUI.framework; sourceTree = SDKROOT; };
		EB4557262C5F501100C00FBA /* CustomControlBundle.swift */ = {isa = PBXFileReference; lastKnownFileType = sourcecode.swift; path = CustomControlBundle.swift; sourceTree = "<group>"; };
		EB4557282C5F501100C00FBA /* CustomControlControl.swift */ = {isa = PBXFileReference; lastKnownFileType = sourcecode.swift; path = CustomControlControl.swift; sourceTree = "<group>"; };
		EB45572A2C5F501100C00FBA /* CustomControl.swift */ = {isa = PBXFileReference; lastKnownFileType = sourcecode.swift; path = CustomControl.swift; sourceTree = "<group>"; };
		EB45572C2C5F501200C00FBA /* Assets.xcassets */ = {isa = PBXFileReference; lastKnownFileType = folder.assetcatalog; path = Assets.xcassets; sourceTree = "<group>"; };
		EB45572E2C5F501200C00FBA /* Info.plist */ = {isa = PBXFileReference; lastKnownFileType = text.plist.xml; path = Info.plist; sourceTree = "<group>"; };
/* End PBXFileReference section */

/* Begin PBXFrameworksBuildPhase section */
		EB4557062C5F4E9500C00FBA /* Frameworks */ = {
			isa = PBXFrameworksBuildPhase;
			buildActionMask = 2147483647;
			files = (
			);
			runOnlyForDeploymentPostprocessing = 0;
		};
		EB45571C2C5F501100C00FBA /* Frameworks */ = {
			isa = PBXFrameworksBuildPhase;
			buildActionMask = 2147483647;
			files = (
				EB4557242C5F501100C00FBA /* SwiftUI.framework in Frameworks */,
				EB4557222C5F501100C00FBA /* WidgetKit.framework in Frameworks */,
			);
			runOnlyForDeploymentPostprocessing = 0;
		};
/* End PBXFrameworksBuildPhase section */

/* Begin PBXGroup section */
		EB4557002C5F4E9500C00FBA = {
			isa = PBXGroup;
			children = (
				EB45570B2C5F4E9500C00FBA /* WidgetCustomControlSampleProject */,
				EB4557252C5F501100C00FBA /* CustomControl */,
				EB4557202C5F501100C00FBA /* Frameworks */,
				EB45570A2C5F4E9500C00FBA /* Products */,
			);
			sourceTree = "<group>";
		};
		EB45570A2C5F4E9500C00FBA /* Products */ = {
			isa = PBXGroup;
			children = (
				EB4557092C5F4E9500C00FBA /* WidgetCustomControlSampleProject.app */,
				EB45571F2C5F501100C00FBA /* CustomControlExtension.appex */,
			);
			name = Products;
			sourceTree = "<group>";
		};
		EB45570B2C5F4E9500C00FBA /* WidgetCustomControlSampleProject */ = {
			isa = PBXGroup;
			children = (
				EB45570C2C5F4E9500C00FBA /* WidgetCustomControlSampleProjectApp.swift */,
				EB45570E2C5F4E9500C00FBA /* ContentView.swift */,
				EB4557102C5F4E9600C00FBA /* Assets.xcassets */,
				EB4557122C5F4E9600C00FBA /* WidgetCustomControlSampleProject.entitlements */,
				EB4557132C5F4E9600C00FBA /* Preview Content */,
			);
			path = WidgetCustomControlSampleProject;
			sourceTree = "<group>";
		};
		EB4557132C5F4E9600C00FBA /* Preview Content */ = {
			isa = PBXGroup;
			children = (
				EB4557142C5F4E9600C00FBA /* Preview Assets.xcassets */,
			);
			path = "Preview Content";
			sourceTree = "<group>";
		};
		EB4557202C5F501100C00FBA /* Frameworks */ = {
			isa = PBXGroup;
			children = (
				EB4557212C5F501100C00FBA /* WidgetKit.framework */,
				EB4557232C5F501100C00FBA /* SwiftUI.framework */,
			);
			name = Frameworks;
			sourceTree = "<group>";
		};
		EB4557252C5F501100C00FBA /* CustomControl */ = {
			isa = PBXGroup;
			children = (
				EB4557262C5F501100C00FBA /* CustomControlBundle.swift */,
				EB4557282C5F501100C00FBA /* CustomControlControl.swift */,
				EB45572A2C5F501100C00FBA /* CustomControl.swift */,
				EB45572C2C5F501200C00FBA /* Assets.xcassets */,
				EB45572E2C5F501200C00FBA /* Info.plist */,
			);
			path = CustomControl;
			sourceTree = "<group>";
		};
/* End PBXGroup section */

/* Begin PBXNativeTarget section */
		EB4557082C5F4E9500C00FBA /* WidgetCustomControlSampleProject */ = {
			isa = PBXNativeTarget;
			buildConfigurationList = EB4557182C5F4E9600C00FBA /* Build configuration list for PBXNativeTarget "WidgetCustomControlSampleProject" */;
			buildPhases = (
				EB4557052C5F4E9500C00FBA /* Sources */,
				EB4557062C5F4E9500C00FBA /* Frameworks */,
				EB4557072C5F4E9500C00FBA /* Resources */,
				EB4557352C5F501200C00FBA /* Embed Foundation Extensions */,
			);
			buildRules = (
			);
			dependencies = (
				EB4557302C5F501200C00FBA /* PBXTargetDependency */,
			);
			name = WidgetCustomControlSampleProject;
			productName = WidgetCustomControlSampleProject;
			productReference = EB4557092C5F4E9500C00FBA /* WidgetCustomControlSampleProject.app */;
			productType = "com.apple.product-type.application";
		};
		EB45571E2C5F501100C00FBA /* CustomControlExtension */ = {
			isa = PBXNativeTarget;
			buildConfigurationList = EB4557322C5F501200C00FBA /* Build configuration list for PBXNativeTarget "CustomControlExtension" */;
			buildPhases = (
				EB45571B2C5F501100C00FBA /* Sources */,
				EB45571C2C5F501100C00FBA /* Frameworks */,
				EB45571D2C5F501100C00FBA /* Resources */,
			);
			buildRules = (
			);
			dependencies = (
			);
			name = CustomControlExtension;
			productName = CustomControlExtension;
			productReference = EB45571F2C5F501100C00FBA /* CustomControlExtension.appex */;
			productType = "com.apple.product-type.app-extension";
		};
/* End PBXNativeTarget section */

/* Begin PBXProject section */
		EB4557012C5F4E9500C00FBA /* Project object */ = {
			isa = PBXProject;
			attributes = {
				BuildIndependentTargetsInParallel = 1;
				LastSwiftUpdateCheck = 1600;
				LastUpgradeCheck = 1600;
				TargetAttributes = {
					EB4557082C5F4E9500C00FBA = {
						CreatedOnToolsVersion = 16.0;
					};
					EB45571E2C5F501100C00FBA = {
						CreatedOnToolsVersion = 16.0;
					};
				};
			};
			buildConfigurationList = EB4557042C5F4E9500C00FBA /* Build configuration list for PBXProject "WidgetCustomControlSampleProject" */;
			compatibilityVersion = "Xcode 15.0";
			developmentRegion = en;
			hasScannedForEncodings = 0;
			knownRegions = (
				en,
				Base,
			);
			mainGroup = EB4557002C5F4E9500C00FBA;
			productRefGroup = EB45570A2C5F4E9500C00FBA /* Products */;
			projectDirPath = "";
			projectRoot = "";
			targets = (
				EB4557082C5F4E9500C00FBA /* WidgetCustomControlSampleProject */,
				EB45571E2C5F501100C00FBA /* CustomControlExtension */,
			);
		};
/* End PBXProject section */

/* Begin PBXResourcesBuildPhase section */
		EB4557072C5F4E9500C00FBA /* Resources */ = {
			isa = PBXResourcesBuildPhase;
			buildActionMask = 2147483647;
			files = (
				EB4557152C5F4E9600C00FBA /* Preview Assets.xcassets in Resources */,
				EB4557112C5F4E9600C00FBA /* Assets.xcassets in Resources */,
			);
			runOnlyForDeploymentPostprocessing = 0;
		};
		EB45571D2C5F501100C00FBA /* Resources */ = {
			isa = PBXResourcesBuildPhase;
			buildActionMask = 2147483647;
			files = (
				EB45572D2C5F501200C00FBA /* Assets.xcassets in Resources */,
			);
			runOnlyForDeploymentPostprocessing = 0;
		};
/* End PBXResourcesBuildPhase section */

/* Begin PBXSourcesBuildPhase section */
		EB4557052C5F4E9500C00FBA /* Sources */ = {
			isa = PBXSourcesBuildPhase;
			buildActionMask = 2147483647;
			files = (
				EB45570F2C5F4E9500C00FBA /* ContentView.swift in Sources */,
				EB45570D2C5F4E9500C00FBA /* WidgetCustomControlSampleProjectApp.swift in Sources */,
			);
			runOnlyForDeploymentPostprocessing = 0;
		};
		EB45571B2C5F501100C00FBA /* Sources */ = {
			isa = PBXSourcesBuildPhase;
			buildActionMask = 2147483647;
			files = (
				EB4557292C5F501100C00FBA /* CustomControlControl.swift in Sources */,
				EB45572B2C5F501100C00FBA /* CustomControl.swift in Sources */,
				EB4557272C5F501100C00FBA /* CustomControlBundle.swift in Sources */,
			);
			runOnlyForDeploymentPostprocessing = 0;
		};
/* End PBXSourcesBuildPhase section */

/* Begin PBXTargetDependency section */
		EB4557302C5F501200C00FBA /* PBXTargetDependency */ = {
			isa = PBXTargetDependency;
			target = EB45571E2C5F501100C00FBA /* CustomControlExtension */;
			targetProxy = EB45572F2C5F501200C00FBA /* PBXContainerItemProxy */;
		};
/* End PBXTargetDependency section */

/* Begin XCBuildConfiguration section */
		EB4557162C5F4E9600C00FBA /* Debug */ = {
			isa = XCBuildConfiguration;
			buildSettings = {
				ALWAYS_SEARCH_USER_PATHS = NO;
				ASSETCATALOG_COMPILER_GENERATE_SWIFT_ASSET_SYMBOL_EXTENSIONS = YES;
				CLANG_ANALYZER_NONNULL = YES;
				CLANG_ANALYZER_NUMBER_OBJECT_CONVERSION = YES_AGGRESSIVE;
				CLANG_CXX_LANGUAGE_STANDARD = "gnu++20";
				CLANG_ENABLE_MODULES = YES;
				CLANG_ENABLE_OBJC_ARC = YES;
				CLANG_ENABLE_OBJC_WEAK = YES;
				CLANG_WARN_BLOCK_CAPTURE_AUTORELEASING = YES;
				CLANG_WARN_BOOL_CONVERSION = YES;
				CLANG_WARN_COMMA = YES;
				CLANG_WARN_CONSTANT_CONVERSION = YES;
				CLANG_WARN_DEPRECATED_OBJC_IMPLEMENTATIONS = YES;
				CLANG_WARN_DIRECT_OBJC_ISA_USAGE = YES_ERROR;
				CLANG_WARN_DOCUMENTATION_COMMENTS = YES;
				CLANG_WARN_EMPTY_BODY = YES;
				CLANG_WARN_ENUM_CONVERSION = YES;
				CLANG_WARN_INFINITE_RECURSION = YES;
				CLANG_WARN_INT_CONVERSION = YES;
				CLANG_WARN_NON_LITERAL_NULL_CONVERSION = YES;
				CLANG_WARN_OBJC_IMPLICIT_RETAIN_SELF = YES;
				CLANG_WARN_OBJC_LITERAL_CONVERSION = YES;
				CLANG_WARN_OBJC_ROOT_CLASS = YES_ERROR;
				CLANG_WARN_QUOTED_INCLUDE_IN_FRAMEWORK_HEADER = YES;
				CLANG_WARN_RANGE_LOOP_ANALYSIS = YES;
				CLANG_WARN_STRICT_PROTOTYPES = YES;
				CLANG_WARN_SUSPICIOUS_MOVE = YES;
				CLANG_WARN_UNGUARDED_AVAILABILITY = YES_AGGRESSIVE;
				CLANG_WARN_UNREACHABLE_CODE = YES;
				CLANG_WARN__DUPLICATE_METHOD_MATCH = YES;
				COPY_PHASE_STRIP = NO;
				DEBUG_INFORMATION_FORMAT = dwarf;
				ENABLE_STRICT_OBJC_MSGSEND = YES;
				ENABLE_TESTABILITY = YES;
				ENABLE_USER_SCRIPT_SANDBOXING = YES;
				GCC_C_LANGUAGE_STANDARD = gnu17;
				GCC_DYNAMIC_NO_PIC = NO;
				GCC_NO_COMMON_BLOCKS = YES;
				GCC_OPTIMIZATION_LEVEL = 0;
				GCC_PREPROCESSOR_DEFINITIONS = (
					"DEBUG=1",
					"$(inherited)",
				);
				GCC_WARN_64_TO_32_BIT_CONVERSION = YES;
				GCC_WARN_ABOUT_RETURN_TYPE = YES_ERROR;
				GCC_WARN_UNDECLARED_SELECTOR = YES;
				GCC_WARN_UNINITIALIZED_AUTOS = YES_AGGRESSIVE;
				GCC_WARN_UNUSED_FUNCTION = YES;
				GCC_WARN_UNUSED_VARIABLE = YES;
				LOCALIZATION_PREFERS_STRING_CATALOGS = YES;
				MTL_ENABLE_DEBUG_INFO = INCLUDE_SOURCE;
				MTL_FAST_MATH = YES;
				ONLY_ACTIVE_ARCH = YES;
				SWIFT_ACTIVE_COMPILATION_CONDITIONS = "DEBUG $(inherited)";
				SWIFT_OPTIMIZATION_LEVEL = "-Onone";
			};
			name = Debug;
		};
		EB4557172C5F4E9600C00FBA /* Release */ = {
			isa = XCBuildConfiguration;
			buildSettings = {
				ALWAYS_SEARCH_USER_PATHS = NO;
				ASSETCATALOG_COMPILER_GENERATE_SWIFT_ASSET_SYMBOL_EXTENSIONS = YES;
				CLANG_ANALYZER_NONNULL = YES;
				CLANG_ANALYZER_NUMBER_OBJECT_CONVERSION = YES_AGGRESSIVE;
				CLANG_CXX_LANGUAGE_STANDARD = "gnu++20";
				CLANG_ENABLE_MODULES = YES;
				CLANG_ENABLE_OBJC_ARC = YES;
				CLANG_ENABLE_OBJC_WEAK = YES;
				CLANG_WARN_BLOCK_CAPTURE_AUTORELEASING = YES;
				CLANG_WARN_BOOL_CONVERSION = YES;
				CLANG_WARN_COMMA = YES;
				CLANG_WARN_CONSTANT_CONVERSION = YES;
				CLANG_WARN_DEPRECATED_OBJC_IMPLEMENTATIONS = YES;
				CLANG_WARN_DIRECT_OBJC_ISA_USAGE = YES_ERROR;
				CLANG_WARN_DOCUMENTATION_COMMENTS = YES;
				CLANG_WARN_EMPTY_BODY = YES;
				CLANG_WARN_ENUM_CONVERSION = YES;
				CLANG_WARN_INFINITE_RECURSION = YES;
				CLANG_WARN_INT_CONVERSION = YES;
				CLANG_WARN_NON_LITERAL_NULL_CONVERSION = YES;
				CLANG_WARN_OBJC_IMPLICIT_RETAIN_SELF = YES;
				CLANG_WARN_OBJC_LITERAL_CONVERSION = YES;
				CLANG_WARN_OBJC_ROOT_CLASS = YES_ERROR;
				CLANG_WARN_QUOTED_INCLUDE_IN_FRAMEWORK_HEADER = YES;
				CLANG_WARN_RANGE_LOOP_ANALYSIS = YES;
				CLANG_WARN_STRICT_PROTOTYPES = YES;
				CLANG_WARN_SUSPICIOUS_MOVE = YES;
				CLANG_WARN_UNGUARDED_AVAILABILITY = YES_AGGRESSIVE;
				CLANG_WARN_UNREACHABLE_CODE = YES;
				CLANG_WARN__DUPLICATE_METHOD_MATCH = YES;
				COPY_PHASE_STRIP = NO;
				DEBUG_INFORMATION_FORMAT = "dwarf-with-dsym";
				ENABLE_NS_ASSERTIONS = NO;
				ENABLE_STRICT_OBJC_MSGSEND = YES;
				ENABLE_USER_SCRIPT_SANDBOXING = YES;
				GCC_C_LANGUAGE_STANDARD = gnu17;
				GCC_NO_COMMON_BLOCKS = YES;
				GCC_WARN_64_TO_32_BIT_CONVERSION = YES;
				GCC_WARN_ABOUT_RETURN_TYPE = YES_ERROR;
				GCC_WARN_UNDECLARED_SELECTOR = YES;
				GCC_WARN_UNINITIALIZED_AUTOS = YES_AGGRESSIVE;
				GCC_WARN_UNUSED_FUNCTION = YES;
				GCC_WARN_UNUSED_VARIABLE = YES;
				LOCALIZATION_PREFERS_STRING_CATALOGS = YES;
				MTL_ENABLE_DEBUG_INFO = NO;
				MTL_FAST_MATH = YES;
				SWIFT_COMPILATION_MODE = wholemodule;
			};
			name = Release;
		};
		EB4557192C5F4E9600C00FBA /* Debug */ = {
			isa = XCBuildConfiguration;
			buildSettings = {
				ASSETCATALOG_COMPILER_APPICON_NAME = AppIcon;
				ASSETCATALOG_COMPILER_GLOBAL_ACCENT_COLOR_NAME = AccentColor;
				CODE_SIGN_ENTITLEMENTS = WidgetCustomControlSampleProject/WidgetCustomControlSampleProject.entitlements;
				CODE_SIGN_STYLE = Automatic;
				CURRENT_PROJECT_VERSION = 1;
				DEVELOPMENT_ASSET_PATHS = "\"WidgetCustomControlSampleProject/Preview Content\"";
				DEVELOPMENT_TEAM = KJ7MT7V8HJ;
				ENABLE_HARDENED_RUNTIME = YES;
				ENABLE_PREVIEWS = YES;
				GENERATE_INFOPLIST_FILE = YES;
				"INFOPLIST_KEY_UIApplicationSceneManifest_Generation[sdk=iphoneos*]" = YES;
				"INFOPLIST_KEY_UIApplicationSceneManifest_Generation[sdk=iphonesimulator*]" = YES;
				"INFOPLIST_KEY_UIApplicationSupportsIndirectInputEvents[sdk=iphoneos*]" = YES;
				"INFOPLIST_KEY_UIApplicationSupportsIndirectInputEvents[sdk=iphonesimulator*]" = YES;
				"INFOPLIST_KEY_UILaunchScreen_Generation[sdk=iphoneos*]" = YES;
				"INFOPLIST_KEY_UILaunchScreen_Generation[sdk=iphonesimulator*]" = YES;
				"INFOPLIST_KEY_UIStatusBarStyle[sdk=iphoneos*]" = UIStatusBarStyleDefault;
				"INFOPLIST_KEY_UIStatusBarStyle[sdk=iphonesimulator*]" = UIStatusBarStyleDefault;
				INFOPLIST_KEY_UISupportedInterfaceOrientations_iPad = "UIInterfaceOrientationPortrait UIInterfaceOrientationPortraitUpsideDown UIInterfaceOrientationLandscapeLeft UIInterfaceOrientationLandscapeRight";
				INFOPLIST_KEY_UISupportedInterfaceOrientations_iPhone = "UIInterfaceOrientationPortrait UIInterfaceOrientationLandscapeLeft UIInterfaceOrientationLandscapeRight";
				IPHONEOS_DEPLOYMENT_TARGET = 18.0;
				LD_RUNPATH_SEARCH_PATHS = "@executable_path/Frameworks";
				"LD_RUNPATH_SEARCH_PATHS[sdk=macosx*]" = "@executable_path/../Frameworks";
				MACOSX_DEPLOYMENT_TARGET = 14.5;
				MARKETING_VERSION = 1.0;
				PRODUCT_BUNDLE_IDENTIFIER = kaikai.WidgetCustomControlSampleProject;
				PRODUCT_NAME = "$(TARGET_NAME)";
				SDKROOT = auto;
				SUPPORTED_PLATFORMS = "iphoneos iphonesimulator macosx xros xrsimulator";
				SWIFT_EMIT_LOC_STRINGS = YES;
				SWIFT_VERSION = 5.0;
				TARGETED_DEVICE_FAMILY = "1,2,7";
				XROS_DEPLOYMENT_TARGET = 2.0;
			};
			name = Debug;
		};
		EB45571A2C5F4E9600C00FBA /* Release */ = {
			isa = XCBuildConfiguration;
			buildSettings = {
				ASSETCATALOG_COMPILER_APPICON_NAME = AppIcon;
				ASSETCATALOG_COMPILER_GLOBAL_ACCENT_COLOR_NAME = AccentColor;
				CODE_SIGN_ENTITLEMENTS = WidgetCustomControlSampleProject/WidgetCustomControlSampleProject.entitlements;
				CODE_SIGN_STYLE = Automatic;
				CURRENT_PROJECT_VERSION = 1;
				DEVELOPMENT_ASSET_PATHS = "\"WidgetCustomControlSampleProject/Preview Content\"";
				DEVELOPMENT_TEAM = KJ7MT7V8HJ;
				ENABLE_HARDENED_RUNTIME = YES;
				ENABLE_PREVIEWS = YES;
				GENERATE_INFOPLIST_FILE = YES;
				"INFOPLIST_KEY_UIApplicationSceneManifest_Generation[sdk=iphoneos*]" = YES;
				"INFOPLIST_KEY_UIApplicationSceneManifest_Generation[sdk=iphonesimulator*]" = YES;
				"INFOPLIST_KEY_UIApplicationSupportsIndirectInputEvents[sdk=iphoneos*]" = YES;
				"INFOPLIST_KEY_UIApplicationSupportsIndirectInputEvents[sdk=iphonesimulator*]" = YES;
				"INFOPLIST_KEY_UILaunchScreen_Generation[sdk=iphoneos*]" = YES;
				"INFOPLIST_KEY_UILaunchScreen_Generation[sdk=iphonesimulator*]" = YES;
				"INFOPLIST_KEY_UIStatusBarStyle[sdk=iphoneos*]" = UIStatusBarStyleDefault;
				"INFOPLIST_KEY_UIStatusBarStyle[sdk=iphonesimulator*]" = UIStatusBarStyleDefault;
				INFOPLIST_KEY_UISupportedInterfaceOrientations_iPad = "UIInterfaceOrientationPortrait UIInterfaceOrientationPortraitUpsideDown UIInterfaceOrientationLandscapeLeft UIInterfaceOrientationLandscapeRight";
				INFOPLIST_KEY_UISupportedInterfaceOrientations_iPhone = "UIInterfaceOrientationPortrait UIInterfaceOrientationLandscapeLeft UIInterfaceOrientationLandscapeRight";
				IPHONEOS_DEPLOYMENT_TARGET = 18.0;
				LD_RUNPATH_SEARCH_PATHS = "@executable_path/Frameworks";
				"LD_RUNPATH_SEARCH_PATHS[sdk=macosx*]" = "@executable_path/../Frameworks";
				MACOSX_DEPLOYMENT_TARGET = 14.5;
				MARKETING_VERSION = 1.0;
				PRODUCT_BUNDLE_IDENTIFIER = kaikai.WidgetCustomControlSampleProject;
				PRODUCT_NAME = "$(TARGET_NAME)";
				SDKROOT = auto;
				SUPPORTED_PLATFORMS = "iphoneos iphonesimulator macosx xros xrsimulator";
				SWIFT_EMIT_LOC_STRINGS = YES;
				SWIFT_VERSION = 5.0;
				TARGETED_DEVICE_FAMILY = "1,2,7";
				XROS_DEPLOYMENT_TARGET = 2.0;
			};
			name = Release;
		};
		EB4557332C5F501200C00FBA /* Debug */ = {
			isa = XCBuildConfiguration;
			buildSettings = {
				ASSETCATALOG_COMPILER_GLOBAL_ACCENT_COLOR_NAME = AccentColor;
				ASSETCATALOG_COMPILER_WIDGET_BACKGROUND_COLOR_NAME = WidgetBackground;
				CODE_SIGN_STYLE = Automatic;
				CURRENT_PROJECT_VERSION = 1;
				DEVELOPMENT_TEAM = KJ7MT7V8HJ;
				GENERATE_INFOPLIST_FILE = YES;
				INFOPLIST_FILE = CustomControl/Info.plist;
				INFOPLIST_KEY_CFBundleDisplayName = CustomControl;
				INFOPLIST_KEY_NSHumanReadableCopyright = "";
				IPHONEOS_DEPLOYMENT_TARGET = 18.0;
				LD_RUNPATH_SEARCH_PATHS = (
					"$(inherited)",
					"@executable_path/Frameworks",
					"@executable_path/../../Frameworks",
				);
				MARKETING_VERSION = 1.0;
				PRODUCT_BUNDLE_IDENTIFIER = kaikai.WidgetCustomControlSampleProject.CustomControl;
				PRODUCT_NAME = "$(TARGET_NAME)";
				SDKROOT = iphoneos;
				SKIP_INSTALL = YES;
				SWIFT_EMIT_LOC_STRINGS = YES;
				SWIFT_VERSION = 5.0;
				TARGETED_DEVICE_FAMILY = "1,2";
			};
			name = Debug;
		};
		EB4557342C5F501200C00FBA /* Release */ = {
			isa = XCBuildConfiguration;
			buildSettings = {
				ASSETCATALOG_COMPILER_GLOBAL_ACCENT_COLOR_NAME = AccentColor;
				ASSETCATALOG_COMPILER_WIDGET_BACKGROUND_COLOR_NAME = WidgetBackground;
				CODE_SIGN_STYLE = Automatic;
				CURRENT_PROJECT_VERSION = 1;
				DEVELOPMENT_TEAM = KJ7MT7V8HJ;
				GENERATE_INFOPLIST_FILE = YES;
				INFOPLIST_FILE = CustomControl/Info.plist;
				INFOPLIST_KEY_CFBundleDisplayName = CustomControl;
				INFOPLIST_KEY_NSHumanReadableCopyright = "";
				IPHONEOS_DEPLOYMENT_TARGET = 18.0;
				LD_RUNPATH_SEARCH_PATHS = (
					"$(inherited)",
					"@executable_path/Frameworks",
					"@executable_path/../../Frameworks",
				);
				MARKETING_VERSION = 1.0;
				PRODUCT_BUNDLE_IDENTIFIER = kaikai.WidgetCustomControlSampleProject.CustomControl;
				PRODUCT_NAME = "$(TARGET_NAME)";
				SDKROOT = iphoneos;
				SKIP_INSTALL = YES;
				SWIFT_EMIT_LOC_STRINGS = YES;
				SWIFT_VERSION = 5.0;
				TARGETED_DEVICE_FAMILY = "1,2";
				VALIDATE_PRODUCT = YES;
			};
			name = Release;
		};
/* End XCBuildConfiguration section */

/* Begin XCConfigurationList section */
		EB4557042C5F4E9500C00FBA /* Build configuration list for PBXProject "WidgetCustomControlSampleProject" */ = {
			isa = XCConfigurationList;
			buildConfigurations = (
				EB4557162C5F4E9600C00FBA /* Debug */,
				EB4557172C5F4E9600C00FBA /* Release */,
			);
			defaultConfigurationIsVisible = 0;
			defaultConfigurationName = Release;
		};
		EB4557182C5F4E9600C00FBA /* Build configuration list for PBXNativeTarget "WidgetCustomControlSampleProject" */ = {
			isa = XCConfigurationList;
			buildConfigurations = (
				EB4557192C5F4E9600C00FBA /* Debug */,
				EB45571A2C5F4E9600C00FBA /* Release */,
			);
			defaultConfigurationIsVisible = 0;
			defaultConfigurationName = Release;
		};
		EB4557322C5F501200C00FBA /* Build configuration list for PBXNativeTarget "CustomControlExtension" */ = {
			isa = XCConfigurationList;
			buildConfigurations = (
				EB4557332C5F501200C00FBA /* Debug */,
				EB4557342C5F501200C00FBA /* Release */,
			);
			defaultConfigurationIsVisible = 0;
			defaultConfigurationName = Release;
		};
/* End XCConfigurationList section */
	};
	rootObject = EB4557012C5F4E9500C00FBA /* Project object */;
}
